
Microsoft Visual Studio Solution File, Format Version 12.00
# Visual Studio Version 17
VisualStudioVersion = 17.3.32922.545
MinimumVisualStudioVersion = 10.0.40219.1
Project("{FAE04EC0-301F-11D3-BF4B-00C04F79EFBC}") = "Zadanie 1", "Zadanie 1\Zadanie 1.csproj", "{745E2D3E-62DD-4321-9D40-5C7094CFDBC9}"
EndProject
Global
	GlobalSection(SolutionConfigurationPlatforms) = preSolution
		Debug|Any CPU = Debug|Any CPU
		Release|Any CPU = Release|Any CPU
	EndGlobalSection
	GlobalSection(ProjectConfigurationPlatforms) = postSolution
		{745E2D3E-62DD-4321-9D40-5C7094CFDBC9}.Debug|Any CPU.ActiveCfg = Debug|Any CPU
		{745E2D3E-62DD-4321-9D40-5C7094CFDBC9}.Debug|Any CPU.Build.0 = Debug|Any CPU
		{745E2D3E-62DD-4321-9D40-5C7094CFDBC9}.Release|Any CPU.ActiveCfg = Release|Any CPU
		{745E2D3E-62DD-4321-9D40-5C7094CFDBC9}.Release|Any CPU.Build.0 = Release|Any CPU
	EndGlobalSection
	GlobalSection(SolutionProperties) = preSolution
		HideSolutionNode = FALSE
	EndGlobalSection
	GlobalSection(ExtensibilityGlobals) = postSolution
		SolutionGuid = {B130D99F-3926-42D7-9246-E164A66AAAE4}
	EndGlobalSection
EndGlobal
