
Microsoft Visual Studio Solution File, Format Version 12.00
# Visual Studio Version 17
VisualStudioVersion = 17.3.32922.545
MinimumVisualStudioVersion = 10.0.40219.1
Project("{FAE04EC0-301F-11D3-BF4B-00C04F79EFBC}") = "Kalkulator", "Kalkulator\Kalkulator.csproj", "{F128D389-A268-4886-A00D-7B19E576CE5E}"
EndProject
Global
	GlobalSection(SolutionConfigurationPlatforms) = preSolution
		Debug|Any CPU = Debug|Any CPU
		Release|Any CPU = Release|Any CPU
	EndGlobalSection
	GlobalSection(ProjectConfigurationPlatforms) = postSolution
		{F128D389-A268-4886-A00D-7B19E576CE5E}.Debug|Any CPU.ActiveCfg = Debug|Any CPU
		{F128D389-A268-4886-A00D-7B19E576CE5E}.Debug|Any CPU.Build.0 = Debug|Any CPU
		{F128D389-A268-4886-A00D-7B19E576CE5E}.Release|Any CPU.ActiveCfg = Release|Any CPU
		{F128D389-A268-4886-A00D-7B19E576CE5E}.Release|Any CPU.Build.0 = Release|Any CPU
	EndGlobalSection
	GlobalSection(SolutionProperties) = preSolution
		HideSolutionNode = FALSE
	EndGlobalSection
	GlobalSection(ExtensibilityGlobals) = postSolution
		SolutionGuid = {CC2B2EE6-6935-42BB-BF7B-93291E54B5A2}
	EndGlobalSection
EndGlobal
